
Microsoft Visual Studio Solution File, Format Version 12.00
# Visual Studio Version 17
VisualStudioVersion = 17.1.32407.343
MinimumVisualStudioVersion = 10.0.40219.1
Project("{9A19103F-16F7-4668-BE54-9A1E7A4F7556}") = "Function.LoadInvoces", "Function.LoadInvoces\Function.LoadInvoces.csproj", "{2D6B6B1E-9602-4AA7-ADBC-E239E0412273}"
EndProject
Project("{9A19103F-16F7-4668-BE54-9A1E7A4F7556}") = "NFeInternas.Core", "NFeInternas.Core\NFeInternas.Core.csproj", "{FE758C38-4A93-4C0F-951E-25E3E683CF28}"
EndProject
Project("{9A19103F-16F7-4668-BE54-9A1E7A4F7556}") = "NFe.Infraestrutura", "NFe.Infraestrutura\NFe.Infraestrutura.csproj", "{C9765C25-F841-4F8D-8449-27E4B8DA7C32}"
EndProject
Project("{9A19103F-16F7-4668-BE54-9A1E7A4F7556}") = "NFeExternas.Core", "NFeExternas.Core\NFeExternas.Core.csproj", "{30592039-17D1-49B1-A5A8-516D88346793}"
EndProject
Project("{9A19103F-16F7-4668-BE54-9A1E7A4F7556}") = "NFe.API", "NFe.API\NFe.API.csproj", "{31C78128-6BB4-45BB-A8CF-9BA52E353C36}"
EndProject
Global
	GlobalSection(SolutionConfigurationPlatforms) = preSolution
		Debug|Any CPU = Debug|Any CPU
		Release|Any CPU = Release|Any CPU
	EndGlobalSection
	GlobalSection(ProjectConfigurationPlatforms) = postSolution
		{2D6B6B1E-9602-4AA7-ADBC-E239E0412273}.Debug|Any CPU.ActiveCfg = Debug|Any CPU
		{2D6B6B1E-9602-4AA7-ADBC-E239E0412273}.Debug|Any CPU.Build.0 = Debug|Any CPU
		{2D6B6B1E-9602-4AA7-ADBC-E239E0412273}.Release|Any CPU.ActiveCfg = Release|Any CPU
		{2D6B6B1E-9602-4AA7-ADBC-E239E0412273}.Release|Any CPU.Build.0 = Release|Any CPU
		{FE758C38-4A93-4C0F-951E-25E3E683CF28}.Debug|Any CPU.ActiveCfg = Debug|Any CPU
		{FE758C38-4A93-4C0F-951E-25E3E683CF28}.Debug|Any CPU.Build.0 = Debug|Any CPU
		{FE758C38-4A93-4C0F-951E-25E3E683CF28}.Release|Any CPU.ActiveCfg = Release|Any CPU
		{FE758C38-4A93-4C0F-951E-25E3E683CF28}.Release|Any CPU.Build.0 = Release|Any CPU
		{C9765C25-F841-4F8D-8449-27E4B8DA7C32}.Debug|Any CPU.ActiveCfg = Debug|Any CPU
		{C9765C25-F841-4F8D-8449-27E4B8DA7C32}.Debug|Any CPU.Build.0 = Debug|Any CPU
		{C9765C25-F841-4F8D-8449-27E4B8DA7C32}.Release|Any CPU.ActiveCfg = Release|Any CPU
		{C9765C25-F841-4F8D-8449-27E4B8DA7C32}.Release|Any CPU.Build.0 = Release|Any CPU
		{30592039-17D1-49B1-A5A8-516D88346793}.Debug|Any CPU.ActiveCfg = Debug|Any CPU
		{30592039-17D1-49B1-A5A8-516D88346793}.Debug|Any CPU.Build.0 = Debug|Any CPU
		{30592039-17D1-49B1-A5A8-516D88346793}.Release|Any CPU.ActiveCfg = Release|Any CPU
		{30592039-17D1-49B1-A5A8-516D88346793}.Release|Any CPU.Build.0 = Release|Any CPU
		{31C78128-6BB4-45BB-A8CF-9BA52E353C36}.Debug|Any CPU.ActiveCfg = Debug|Any CPU
		{31C78128-6BB4-45BB-A8CF-9BA52E353C36}.Debug|Any CPU.Build.0 = Debug|Any CPU
		{31C78128-6BB4-45BB-A8CF-9BA52E353C36}.Release|Any CPU.ActiveCfg = Release|Any CPU
		{31C78128-6BB4-45BB-A8CF-9BA52E353C36}.Release|Any CPU.Build.0 = Release|Any CPU
	EndGlobalSection
	GlobalSection(SolutionProperties) = preSolution
		HideSolutionNode = FALSE
	EndGlobalSection
	GlobalSection(ExtensibilityGlobals) = postSolution
		SolutionGuid = {A81F3491-1A92-44E9-BEF9-D416A3DB0C22}
	EndGlobalSection
EndGlobal
